// !$*UTF8*$!
{
	archiveVersion = 1;
	classes = {
	};
	objectVersion = 55;
	objects = {

/* Begin PBXBuildFile section */
		041345CD2A27565300B6C553 /* CustomViewController.swift in Sources */ = {isa = PBXBuildFile; fileRef = 041345CC2A27565300B6C553 /* CustomViewController.swift */; };
		041345CF2A27661D00B6C553 /* GetReelsResponseModel.swift in Sources */ = {isa = PBXBuildFile; fileRef = 041345CE2A27661D00B6C553 /* GetReelsResponseModel.swift */; };
		041345D22A2766A900B6C553 /* API's.swift in Sources */ = {isa = PBXBuildFile; fileRef = 041345D12A2766A900B6C553 /* API's.swift */; };
		041345D52A27900800B6C553 /* ReelsTableViewCell.swift in Sources */ = {isa = PBXBuildFile; fileRef = 041345D32A27900800B6C553 /* ReelsTableViewCell.swift */; };
		041345D62A27900800B6C553 /* ReelsTableViewCell.xib in Resources */ = {isa = PBXBuildFile; fileRef = 041345D42A27900800B6C553 /* ReelsTableViewCell.xib */; };
		041F66F72A4C700E009C6AB4 /* ViewStatusTableViewCell.xib in Resources */ = {isa = PBXBuildFile; fileRef = 041F66F52A4C700E009C6AB4 /* ViewStatusTableViewCell.xib */; };
		041F66F82A4C700E009C6AB4 /* ViewStatusTableViewCell.swift in Sources */ = {isa = PBXBuildFile; fileRef = 041F66F62A4C700E009C6AB4 /* ViewStatusTableViewCell.swift */; };
		041F66FA2A4C723F009C6AB4 /* UpdateDoneModel.swift in Sources */ = {isa = PBXBuildFile; fileRef = 041F66F92A4C723F009C6AB4 /* UpdateDoneModel.swift */; };
		04400A952A2F0C890028CECE /* TagsResponseModel.swift in Sources */ = {isa = PBXBuildFile; fileRef = 04400A942A2F0C890028CECE /* TagsResponseModel.swift */; };
		04400A982A2F11520028CECE /* TagUsersTableViewCell.swift in Sources */ = {isa = PBXBuildFile; fileRef = 04400A962A2F11520028CECE /* TagUsersTableViewCell.swift */; };
		04400A992A2F11520028CECE /* TagUsersTableViewCell.xib in Resources */ = {isa = PBXBuildFile; fileRef = 04400A972A2F11520028CECE /* TagUsersTableViewCell.xib */; };
		04400A9D2A3098740028CECE /* Extra.swift in Sources */ = {isa = PBXBuildFile; fileRef = 04400A9C2A3098740028CECE /* Extra.swift */; };
		04400A9F2A30B1150028CECE /* SplashScreenViewController.swift in Sources */ = {isa = PBXBuildFile; fileRef = 04400A9E2A30B1150028CECE /* SplashScreenViewController.swift */; };
		0441AE542A3CD5C4008119FB /* Color.xcassets in Resources */ = {isa = PBXBuildFile; fileRef = 0441AE532A3CD5C4008119FB /* Color.xcassets */; };
		0457B4032A3E164700D6581F /* ThumbnailImage.swift in Sources */ = {isa = PBXBuildFile; fileRef = 0457B4022A3E164700D6581F /* ThumbnailImage.swift */; };
		045B4CDC2A3B34F30064CC77 /* CommissionResponseModel.swift in Sources */ = {isa = PBXBuildFile; fileRef = 045B4CDB2A3B34F30064CC77 /* CommissionResponseModel.swift */; };
		045B4CE12A3B3AA90064CC77 /* AulbumCollectionViewCell.swift in Sources */ = {isa = PBXBuildFile; fileRef = 045B4CDF2A3B3AA90064CC77 /* AulbumCollectionViewCell.swift */; };
		045B4CE22A3B3AA90064CC77 /* AulbumCollectionViewCell.xib in Resources */ = {isa = PBXBuildFile; fileRef = 045B4CE02A3B3AA90064CC77 /* AulbumCollectionViewCell.xib */; };
		045C35562A206E70007968C9 /* AppDelegate.swift in Sources */ = {isa = PBXBuildFile; fileRef = 045C35552A206E70007968C9 /* AppDelegate.swift */; };
		045C35582A206E70007968C9 /* SceneDelegate.swift in Sources */ = {isa = PBXBuildFile; fileRef = 045C35572A206E70007968C9 /* SceneDelegate.swift */; };
		045C355D2A206E70007968C9 /* Main.storyboard in Resources */ = {isa = PBXBuildFile; fileRef = 045C355B2A206E70007968C9 /* Main.storyboard */; };
		045C355F2A206E71007968C9 /* Assets.xcassets in Resources */ = {isa = PBXBuildFile; fileRef = 045C355E2A206E71007968C9 /* Assets.xcassets */; };
		045C35622A206E71007968C9 /* LaunchScreen.storyboard in Resources */ = {isa = PBXBuildFile; fileRef = 045C35602A206E71007968C9 /* LaunchScreen.storyboard */; };
		045C356E2A206EEC007968C9 /* Utilities.swift in Sources */ = {isa = PBXBuildFile; fileRef = 045C35692A206EEC007968C9 /* Utilities.swift */; };
		045C35702A206EEC007968C9 /* ServiceController.swift in Sources */ = {isa = PBXBuildFile; fileRef = 045C356B2A206EEC007968C9 /* ServiceController.swift */; };
		045C35712A206EEC007968C9 /* LoginModel.swift in Sources */ = {isa = PBXBuildFile; fileRef = 045C356C2A206EEC007968C9 /* LoginModel.swift */; };
		045C35722A206EEC007968C9 /* LoginViewController.swift in Sources */ = {isa = PBXBuildFile; fileRef = 045C356D2A206EEC007968C9 /* LoginViewController.swift */; };
		045C35742A2087E2007968C9 /* HomeViewController.swift in Sources */ = {isa = PBXBuildFile; fileRef = 045C35732A2087E2007968C9 /* HomeViewController.swift */; };
		04797C782A4970C100F2F7CE /* Navigations.swift in Sources */ = {isa = PBXBuildFile; fileRef = 04797C772A4970C000F2F7CE /* Navigations.swift */; };
		048EB3A42A29B7A0004BE939 /* PostVideoViewController.swift in Sources */ = {isa = PBXBuildFile; fileRef = 048EB3A32A29B7A0004BE939 /* PostVideoViewController.swift */; };
		048EB3A62A2A01D8004BE939 /* AWSS3.swift in Sources */ = {isa = PBXBuildFile; fileRef = 048EB3A52A2A01D8004BE939 /* AWSS3.swift */; };
		049764252A28D52700D577D0 /* VideoViewController.swift in Sources */ = {isa = PBXBuildFile; fileRef = 049764242A28D52700D577D0 /* VideoViewController.swift */; };
		0497D0F22A31FEC300B4A185 /* ProfileModel.swift in Sources */ = {isa = PBXBuildFile; fileRef = 0497D0F12A31FEC300B4A185 /* ProfileModel.swift */; };
		0497D0F82A33029800B4A185 /* ViewStatusViewController.swift in Sources */ = {isa = PBXBuildFile; fileRef = 0497D0F72A33029800B4A185 /* ViewStatusViewController.swift */; };
		0497D0FA2A330DAC00B4A185 /* ViewStatusModel.swift in Sources */ = {isa = PBXBuildFile; fileRef = 0497D0F92A330DAC00B4A185 /* ViewStatusModel.swift */; };
		0497D0FF2A3327C700B4A185 /* PlayerView.swift in Sources */ = {isa = PBXBuildFile; fileRef = 0497D0FE2A3327C700B4A185 /* PlayerView.swift */; };
		0498F05F2A37583E0043B27E /* AWSS3Manager.swift in Sources */ = {isa = PBXBuildFile; fileRef = 0498F05E2A37583E0043B27E /* AWSS3Manager.swift */; };
		049B8CE32A2DE516005926D4 /* PostVideoModel.swift in Sources */ = {isa = PBXBuildFile; fileRef = 049B8CE22A2DE516005926D4 /* PostVideoModel.swift */; };
		04A8D47F2A3468CB00BC2628 /* TagsUsersViewController.swift in Sources */ = {isa = PBXBuildFile; fileRef = 04A8D47E2A3468CB00BC2628 /* TagsUsersViewController.swift */; };
		04C142772A387A57005D1391 /* CommentsViewController.swift in Sources */ = {isa = PBXBuildFile; fileRef = 04C142762A387A57005D1391 /* CommentsViewController.swift */; };
		04C1427A2A387CE9005D1391 /* CommentsTableViewCell.swift in Sources */ = {isa = PBXBuildFile; fileRef = 04C142782A387CE9005D1391 /* CommentsTableViewCell.swift */; };
		04C1427B2A387CE9005D1391 /* CommentsTableViewCell.xib in Resources */ = {isa = PBXBuildFile; fileRef = 04C142792A387CE9005D1391 /* CommentsTableViewCell.xib */; };
		04C1427D2A387F7A005D1391 /* CommentsResponseModel.swift in Sources */ = {isa = PBXBuildFile; fileRef = 04C1427C2A387F7A005D1391 /* CommentsResponseModel.swift */; };
		04D3C2CE2A333E5900A5D460 /* ProfileViewController.swift in Sources */ = {isa = PBXBuildFile; fileRef = 04D3C2CD2A333E5900A5D460 /* ProfileViewController.swift */; };
		1B09587F2A4AB454006A1F67 /* MimeType.swift in Sources */ = {isa = PBXBuildFile; fileRef = 1B09587E2A4AB454006A1F67 /* MimeType.swift */; };
		1B6F459D2A4DADE10086A429 /* ImageviewPreviewViewController.swift in Sources */ = {isa = PBXBuildFile; fileRef = 1B6F459C2A4DADE10086A429 /* ImageviewPreviewViewController.swift */; };
		1B7661802A4B259600F63D0A /* ImageAndVideoCommentViewController.swift in Sources */ = {isa = PBXBuildFile; fileRef = 1B76617F2A4B259600F63D0A /* ImageAndVideoCommentViewController.swift */; };
		1B7661832A4B2B4500F63D0A /* ImageCommentsTableViewCell.swift in Sources */ = {isa = PBXBuildFile; fileRef = 1B7661812A4B2B4500F63D0A /* ImageCommentsTableViewCell.swift */; };
		1B7661842A4B2B4500F63D0A /* ImageCommentsTableViewCell.xib in Resources */ = {isa = PBXBuildFile; fileRef = 1B7661822A4B2B4500F63D0A /* ImageCommentsTableViewCell.xib */; };
		1BFECB0D2A4C42D900823B86 /* CommentsVM.swift in Sources */ = {isa = PBXBuildFile; fileRef = 1BFECB0C2A4C42D900823B86 /* CommentsVM.swift */; };
		BC4468A2FA2767193086B64B /* Pods_Done.framework in Frameworks */ = {isa = PBXBuildFile; fileRef = 0D80175AE176548C1C11A743 /* Pods_Done.framework */; };
/* End PBXBuildFile section */

/* Begin PBXFileReference section */
		041345CC2A27565300B6C553 /* CustomViewController.swift */ = {isa = PBXFileReference; lastKnownFileType = sourcecode.swift; path = CustomViewController.swift; sourceTree = "<group>"; };
		041345CE2A27661D00B6C553 /* GetReelsResponseModel.swift */ = {isa = PBXFileReference; lastKnownFileType = sourcecode.swift; path = GetReelsResponseModel.swift; sourceTree = "<group>"; };
		041345D12A2766A900B6C553 /* API's.swift */ = {isa = PBXFileReference; lastKnownFileType = sourcecode.swift; path = "API's.swift"; sourceTree = "<group>"; };
		041345D32A27900800B6C553 /* ReelsTableViewCell.swift */ = {isa = PBXFileReference; lastKnownFileType = sourcecode.swift; path = ReelsTableViewCell.swift; sourceTree = "<group>"; };
		041345D42A27900800B6C553 /* ReelsTableViewCell.xib */ = {isa = PBXFileReference; lastKnownFileType = file.xib; path = ReelsTableViewCell.xib; sourceTree = "<group>"; };
		041F66F52A4C700E009C6AB4 /* ViewStatusTableViewCell.xib */ = {isa = PBXFileReference; fileEncoding = 4; lastKnownFileType = file.xib; path = ViewStatusTableViewCell.xib; sourceTree = "<group>"; };
		041F66F62A4C700E009C6AB4 /* ViewStatusTableViewCell.swift */ = {isa = PBXFileReference; fileEncoding = 4; lastKnownFileType = sourcecode.swift; path = ViewStatusTableViewCell.swift; sourceTree = "<group>"; };
		041F66F92A4C723F009C6AB4 /* UpdateDoneModel.swift */ = {isa = PBXFileReference; fileEncoding = 4; lastKnownFileType = sourcecode.swift; path = UpdateDoneModel.swift; sourceTree = "<group>"; };
		04400A942A2F0C890028CECE /* TagsResponseModel.swift */ = {isa = PBXFileReference; lastKnownFileType = sourcecode.swift; path = TagsResponseModel.swift; sourceTree = "<group>"; };
		04400A962A2F11520028CECE /* TagUsersTableViewCell.swift */ = {isa = PBXFileReference; lastKnownFileType = sourcecode.swift; path = TagUsersTableViewCell.swift; sourceTree = "<group>"; };
		04400A972A2F11520028CECE /* TagUsersTableViewCell.xib */ = {isa = PBXFileReference; lastKnownFileType = file.xib; path = TagUsersTableViewCell.xib; sourceTree = "<group>"; };
		04400A9C2A3098740028CECE /* Extra.swift */ = {isa = PBXFileReference; lastKnownFileType = sourcecode.swift; path = Extra.swift; sourceTree = "<group>"; };
		04400A9E2A30B1150028CECE /* SplashScreenViewController.swift */ = {isa = PBXFileReference; lastKnownFileType = sourcecode.swift; path = SplashScreenViewController.swift; sourceTree = "<group>"; };
		0441AE532A3CD5C4008119FB /* Color.xcassets */ = {isa = PBXFileReference; lastKnownFileType = folder.assetcatalog; path = Color.xcassets; sourceTree = "<group>"; };
		0457B4022A3E164700D6581F /* ThumbnailImage.swift */ = {isa = PBXFileReference; lastKnownFileType = sourcecode.swift; path = ThumbnailImage.swift; sourceTree = "<group>"; };
		045B4CDB2A3B34F30064CC77 /* CommissionResponseModel.swift */ = {isa = PBXFileReference; lastKnownFileType = sourcecode.swift; path = CommissionResponseModel.swift; sourceTree = "<group>"; };
		045B4CDF2A3B3AA90064CC77 /* AulbumCollectionViewCell.swift */ = {isa = PBXFileReference; lastKnownFileType = sourcecode.swift; path = AulbumCollectionViewCell.swift; sourceTree = "<group>"; };
		045B4CE02A3B3AA90064CC77 /* AulbumCollectionViewCell.xib */ = {isa = PBXFileReference; lastKnownFileType = file.xib; path = AulbumCollectionViewCell.xib; sourceTree = "<group>"; };
		045C35522A206E70007968C9 /* Done.app */ = {isa = PBXFileReference; explicitFileType = wrapper.application; includeInIndex = 0; path = Done.app; sourceTree = BUILT_PRODUCTS_DIR; };
		045C35552A206E70007968C9 /* AppDelegate.swift */ = {isa = PBXFileReference; lastKnownFileType = sourcecode.swift; path = AppDelegate.swift; sourceTree = "<group>"; };
		045C35572A206E70007968C9 /* SceneDelegate.swift */ = {isa = PBXFileReference; lastKnownFileType = sourcecode.swift; path = SceneDelegate.swift; sourceTree = "<group>"; };
		045C355C2A206E70007968C9 /* Base */ = {isa = PBXFileReference; lastKnownFileType = file.storyboard; name = Base; path = Base.lproj/Main.storyboard; sourceTree = "<group>"; };
		045C355E2A206E71007968C9 /* Assets.xcassets */ = {isa = PBXFileReference; lastKnownFileType = folder.assetcatalog; path = Assets.xcassets; sourceTree = "<group>"; };
		045C35612A206E71007968C9 /* Base */ = {isa = PBXFileReference; lastKnownFileType = file.storyboard; name = Base; path = Base.lproj/LaunchScreen.storyboard; sourceTree = "<group>"; };
		045C35632A206E71007968C9 /* Info.plist */ = {isa = PBXFileReference; lastKnownFileType = text.plist.xml; path = Info.plist; sourceTree = "<group>"; };
		045C35692A206EEC007968C9 /* Utilities.swift */ = {isa = PBXFileReference; fileEncoding = 4; lastKnownFileType = sourcecode.swift; path = Utilities.swift; sourceTree = "<group>"; };
		045C356B2A206EEC007968C9 /* ServiceController.swift */ = {isa = PBXFileReference; fileEncoding = 4; lastKnownFileType = sourcecode.swift; path = ServiceController.swift; sourceTree = "<group>"; };
		045C356C2A206EEC007968C9 /* LoginModel.swift */ = {isa = PBXFileReference; fileEncoding = 4; lastKnownFileType = sourcecode.swift; path = LoginModel.swift; sourceTree = "<group>"; };
		045C356D2A206EEC007968C9 /* LoginViewController.swift */ = {isa = PBXFileReference; fileEncoding = 4; lastKnownFileType = sourcecode.swift; path = LoginViewController.swift; sourceTree = "<group>"; };
		045C35732A2087E2007968C9 /* HomeViewController.swift */ = {isa = PBXFileReference; fileEncoding = 4; lastKnownFileType = sourcecode.swift; path = HomeViewController.swift; sourceTree = "<group>"; };
		04797C772A4970C000F2F7CE /* Navigations.swift */ = {isa = PBXFileReference; lastKnownFileType = sourcecode.swift; path = Navigations.swift; sourceTree = "<group>"; };
		048EB3A32A29B7A0004BE939 /* PostVideoViewController.swift */ = {isa = PBXFileReference; lastKnownFileType = sourcecode.swift; path = PostVideoViewController.swift; sourceTree = "<group>"; };
		048EB3A52A2A01D8004BE939 /* AWSS3.swift */ = {isa = PBXFileReference; lastKnownFileType = sourcecode.swift; path = AWSS3.swift; sourceTree = "<group>"; };
		049764242A28D52700D577D0 /* VideoViewController.swift */ = {isa = PBXFileReference; lastKnownFileType = sourcecode.swift; path = VideoViewController.swift; sourceTree = "<group>"; };
		0497D0F12A31FEC300B4A185 /* ProfileModel.swift */ = {isa = PBXFileReference; lastKnownFileType = sourcecode.swift; path = ProfileModel.swift; sourceTree = "<group>"; };
		0497D0F72A33029800B4A185 /* ViewStatusViewController.swift */ = {isa = PBXFileReference; lastKnownFileType = sourcecode.swift; path = ViewStatusViewController.swift; sourceTree = "<group>"; };
		0497D0F92A330DAC00B4A185 /* ViewStatusModel.swift */ = {isa = PBXFileReference; lastKnownFileType = sourcecode.swift; path = ViewStatusModel.swift; sourceTree = "<group>"; };
		0497D0FE2A3327C700B4A185 /* PlayerView.swift */ = {isa = PBXFileReference; fileEncoding = 4; lastKnownFileType = sourcecode.swift; path = PlayerView.swift; sourceTree = "<group>"; };
		0498F05E2A37583E0043B27E /* AWSS3Manager.swift */ = {isa = PBXFileReference; lastKnownFileType = sourcecode.swift; path = AWSS3Manager.swift; sourceTree = "<group>"; };
		049B8CE22A2DE516005926D4 /* PostVideoModel.swift */ = {isa = PBXFileReference; lastKnownFileType = sourcecode.swift; path = PostVideoModel.swift; sourceTree = "<group>"; };
		04A8D47E2A3468CB00BC2628 /* TagsUsersViewController.swift */ = {isa = PBXFileReference; lastKnownFileType = sourcecode.swift; path = TagsUsersViewController.swift; sourceTree = "<group>"; };
		04C142762A387A57005D1391 /* CommentsViewController.swift */ = {isa = PBXFileReference; lastKnownFileType = sourcecode.swift; path = CommentsViewController.swift; sourceTree = "<group>"; };
		04C142782A387CE9005D1391 /* CommentsTableViewCell.swift */ = {isa = PBXFileReference; lastKnownFileType = sourcecode.swift; path = CommentsTableViewCell.swift; sourceTree = "<group>"; };
		04C142792A387CE9005D1391 /* CommentsTableViewCell.xib */ = {isa = PBXFileReference; lastKnownFileType = file.xib; path = CommentsTableViewCell.xib; sourceTree = "<group>"; };
		04C1427C2A387F7A005D1391 /* CommentsResponseModel.swift */ = {isa = PBXFileReference; lastKnownFileType = sourcecode.swift; path = CommentsResponseModel.swift; sourceTree = "<group>"; };
		04D3C2CD2A333E5900A5D460 /* ProfileViewController.swift */ = {isa = PBXFileReference; lastKnownFileType = sourcecode.swift; path = ProfileViewController.swift; sourceTree = "<group>"; };
		0D80175AE176548C1C11A743 /* Pods_Done.framework */ = {isa = PBXFileReference; explicitFileType = wrapper.framework; includeInIndex = 0; path = Pods_Done.framework; sourceTree = BUILT_PRODUCTS_DIR; };
		111463C9159DDB314BDB9F72 /* Pods-Done.debug.xcconfig */ = {isa = PBXFileReference; includeInIndex = 1; lastKnownFileType = text.xcconfig; name = "Pods-Done.debug.xcconfig"; path = "Target Support Files/Pods-Done/Pods-Done.debug.xcconfig"; sourceTree = "<group>"; };
		1B09587E2A4AB454006A1F67 /* MimeType.swift */ = {isa = PBXFileReference; fileEncoding = 4; lastKnownFileType = sourcecode.swift; path = MimeType.swift; sourceTree = "<group>"; };
		1B6F459C2A4DADE10086A429 /* ImageviewPreviewViewController.swift */ = {isa = PBXFileReference; lastKnownFileType = sourcecode.swift; path = ImageviewPreviewViewController.swift; sourceTree = "<group>"; };
		1B76617F2A4B259600F63D0A /* ImageAndVideoCommentViewController.swift */ = {isa = PBXFileReference; lastKnownFileType = sourcecode.swift; path = ImageAndVideoCommentViewController.swift; sourceTree = "<group>"; };
		1B7661812A4B2B4500F63D0A /* ImageCommentsTableViewCell.swift */ = {isa = PBXFileReference; lastKnownFileType = sourcecode.swift; path = ImageCommentsTableViewCell.swift; sourceTree = "<group>"; };
		1B7661822A4B2B4500F63D0A /* ImageCommentsTableViewCell.xib */ = {isa = PBXFileReference; lastKnownFileType = file.xib; path = ImageCommentsTableViewCell.xib; sourceTree = "<group>"; };
		1BFECB0C2A4C42D900823B86 /* CommentsVM.swift */ = {isa = PBXFileReference; lastKnownFileType = sourcecode.swift; path = CommentsVM.swift; sourceTree = "<group>"; };
		8E2DD0B327BFD46A42DEEAF3 /* Pods-Done.release.xcconfig */ = {isa = PBXFileReference; includeInIndex = 1; lastKnownFileType = text.xcconfig; name = "Pods-Done.release.xcconfig"; path = "Target Support Files/Pods-Done/Pods-Done.release.xcconfig"; sourceTree = "<group>"; };
/* End PBXFileReference section */

/* Begin PBXFrameworksBuildPhase section */
		045C354F2A206E70007968C9 /* Frameworks */ = {
			isa = PBXFrameworksBuildPhase;
			buildActionMask = 2147483647;
			files = (
				BC4468A2FA2767193086B64B /* Pods_Done.framework in Frameworks */,
			);
			runOnlyForDeploymentPostprocessing = 0;
		};
/* End PBXFrameworksBuildPhase section */

/* Begin PBXGroup section */
		041345D02A27662900B6C553 /* Models */ = {
			isa = PBXGroup;
			children = (
				0497D0FE2A3327C700B4A185 /* PlayerView.swift */,
				045C356C2A206EEC007968C9 /* LoginModel.swift */,
				041345CE2A27661D00B6C553 /* GetReelsResponseModel.swift */,
				049B8CE22A2DE516005926D4 /* PostVideoModel.swift */,
				04400A942A2F0C890028CECE /* TagsResponseModel.swift */,
				0497D0F12A31FEC300B4A185 /* ProfileModel.swift */,
				0497D0F92A330DAC00B4A185 /* ViewStatusModel.swift */,
				04C1427C2A387F7A005D1391 /* CommentsResponseModel.swift */,
				045B4CDB2A3B34F30064CC77 /* CommissionResponseModel.swift */,
				041F66F92A4C723F009C6AB4 /* UpdateDoneModel.swift */,
			);
			path = Models;
			sourceTree = "<group>";
		};
		045B4CE32A3B3AB30064CC77 /* CollectionViewCells */ = {
			isa = PBXGroup;
			children = (
				045B4CDF2A3B3AA90064CC77 /* AulbumCollectionViewCell.swift */,
				045B4CE02A3B3AA90064CC77 /* AulbumCollectionViewCell.xib */,
			);
			path = CollectionViewCells;
			sourceTree = "<group>";
		};
		045C35492A206E70007968C9 = {
			isa = PBXGroup;
			children = (
				045C35542A206E70007968C9 /* Done */,
				045C35532A206E70007968C9 /* Products */,
				59BE068D483BEC7DE6741630 /* Pods */,
				72EAD09EF4C8F1D8C387DAAD /* Frameworks */,
			);
			sourceTree = "<group>";
		};
		045C35532A206E70007968C9 /* Products */ = {
			isa = PBXGroup;
			children = (
				045C35522A206E70007968C9 /* Done.app */,
			);
			name = Products;
			sourceTree = "<group>";
		};
		045C35542A206E70007968C9 /* Done */ = {
			isa = PBXGroup;
			children = (
				045C35552A206E70007968C9 /* AppDelegate.swift */,
				045C35572A206E70007968C9 /* SceneDelegate.swift */,
				04797C762A4967EA00F2F7CE /* View Controllers */,
				1BFECB0B2A4C42AA00823B86 /* View Model */,
				041345D02A27662900B6C553 /* Models */,
				0497D0FD2A331C4600B4A185 /* Helpers */,
				0497D0FB2A331BD200B4A185 /* ServiceModel */,
				0497D0FC2A331BF500B4A185 /* AWSS3 */,
				045C357D2A2087F1007968C9 /* TableViewCells */,
				045B4CE32A3B3AB30064CC77 /* CollectionViewCells */,
				045C355B2A206E70007968C9 /* Main.storyboard */,
				045C355E2A206E71007968C9 /* Assets.xcassets */,
				0441AE532A3CD5C4008119FB /* Color.xcassets */,
				045C35602A206E71007968C9 /* LaunchScreen.storyboard */,
				045C35632A206E71007968C9 /* Info.plist */,
			);
			path = Done;
			sourceTree = "<group>";
		};
		045C357D2A2087F1007968C9 /* TableViewCells */ = {
			isa = PBXGroup;
			children = (
				041345D32A27900800B6C553 /* ReelsTableViewCell.swift */,
				041345D42A27900800B6C553 /* ReelsTableViewCell.xib */,
				04400A962A2F11520028CECE /* TagUsersTableViewCell.swift */,
				04400A972A2F11520028CECE /* TagUsersTableViewCell.xib */,
				041F66F62A4C700E009C6AB4 /* ViewStatusTableViewCell.swift */,
				041F66F52A4C700E009C6AB4 /* ViewStatusTableViewCell.xib */,
				04C142782A387CE9005D1391 /* CommentsTableViewCell.swift */,
				04C142792A387CE9005D1391 /* CommentsTableViewCell.xib */,
				1B7661812A4B2B4500F63D0A /* ImageCommentsTableViewCell.swift */,
				1B7661822A4B2B4500F63D0A /* ImageCommentsTableViewCell.xib */,
			);
			path = TableViewCells;
			sourceTree = "<group>";
		};
		04797C762A4967EA00F2F7CE /* View Controllers */ = {
			isa = PBXGroup;
			children = (
				04400A9E2A30B1150028CECE /* SplashScreenViewController.swift */,
				045C356D2A206EEC007968C9 /* LoginViewController.swift */,
				041345CC2A27565300B6C553 /* CustomViewController.swift */,
				045C35732A2087E2007968C9 /* HomeViewController.swift */,
				049764242A28D52700D577D0 /* VideoViewController.swift */,
				0497D0F72A33029800B4A185 /* ViewStatusViewController.swift */,
				04C142762A387A57005D1391 /* CommentsViewController.swift */,
				04A8D47E2A3468CB00BC2628 /* TagsUsersViewController.swift */,
				04D3C2CD2A333E5900A5D460 /* ProfileViewController.swift */,
				048EB3A32A29B7A0004BE939 /* PostVideoViewController.swift */,
				1B76617F2A4B259600F63D0A /* ImageAndVideoCommentViewController.swift */,
				1B6F459C2A4DADE10086A429 /* ImageviewPreviewViewController.swift */,
			);
			path = "View Controllers";
			sourceTree = "<group>";
		};
		0497D0FB2A331BD200B4A185 /* ServiceModel */ = {
			isa = PBXGroup;
			children = (
				045C356B2A206EEC007968C9 /* ServiceController.swift */,
			);
			path = ServiceModel;
			sourceTree = "<group>";
		};
		0497D0FC2A331BF500B4A185 /* AWSS3 */ = {
			isa = PBXGroup;
			children = (
				048EB3A52A2A01D8004BE939 /* AWSS3.swift */,
				0498F05E2A37583E0043B27E /* AWSS3Manager.swift */,
			);
			path = AWSS3;
			sourceTree = "<group>";
		};
		0497D0FD2A331C4600B4A185 /* Helpers */ = {
			isa = PBXGroup;
			children = (
				1B09587E2A4AB454006A1F67 /* MimeType.swift */,
				045C35692A206EEC007968C9 /* Utilities.swift */,
				04797C772A4970C000F2F7CE /* Navigations.swift */,
				041345D12A2766A900B6C553 /* API's.swift */,
				04400A9C2A3098740028CECE /* Extra.swift */,
				0457B4022A3E164700D6581F /* ThumbnailImage.swift */,
			);
			path = Helpers;
			sourceTree = "<group>";
		};
		1BFECB0B2A4C42AA00823B86 /* View Model */ = {
			isa = PBXGroup;
			children = (
				1BFECB0C2A4C42D900823B86 /* CommentsVM.swift */,
			);
			path = "View Model";
			sourceTree = "<group>";
		};
		59BE068D483BEC7DE6741630 /* Pods */ = {
			isa = PBXGroup;
			children = (
				111463C9159DDB314BDB9F72 /* Pods-Done.debug.xcconfig */,
				8E2DD0B327BFD46A42DEEAF3 /* Pods-Done.release.xcconfig */,
			);
			path = Pods;
			sourceTree = "<group>";
		};
		72EAD09EF4C8F1D8C387DAAD /* Frameworks */ = {
			isa = PBXGroup;
			children = (
				0D80175AE176548C1C11A743 /* Pods_Done.framework */,
			);
			name = Frameworks;
			sourceTree = "<group>";
		};
/* End PBXGroup section */

/* Begin PBXNativeTarget section */
		045C35512A206E70007968C9 /* Done */ = {
			isa = PBXNativeTarget;
			buildConfigurationList = 045C35662A206E71007968C9 /* Build configuration list for PBXNativeTarget "Done" */;
			buildPhases = (
				E7AD147A408FA464C791E9FE /* [CP] Check Pods Manifest.lock */,
				045C354E2A206E70007968C9 /* Sources */,
				045C354F2A206E70007968C9 /* Frameworks */,
				045C35502A206E70007968C9 /* Resources */,
				FB99395A54D014DC4A43F30D /* [CP] Embed Pods Frameworks */,
			);
			buildRules = (
			);
			dependencies = (
			);
			name = Done;
			productName = Done;
			productReference = 045C35522A206E70007968C9 /* Done.app */;
			productType = "com.apple.product-type.application";
		};
/* End PBXNativeTarget section */

/* Begin PBXProject section */
		045C354A2A206E70007968C9 /* Project object */ = {
			isa = PBXProject;
			attributes = {
				BuildIndependentTargetsInParallel = 1;
				LastSwiftUpdateCheck = 1430;
				LastUpgradeCheck = 1430;
				TargetAttributes = {
					045C35512A206E70007968C9 = {
						CreatedOnToolsVersion = 14.3;
					};
				};
			};
			buildConfigurationList = 045C354D2A206E70007968C9 /* Build configuration list for PBXProject "Done" */;
			compatibilityVersion = "Xcode 13.0";
			developmentRegion = en;
			hasScannedForEncodings = 0;
			knownRegions = (
				en,
				Base,
			);
			mainGroup = 045C35492A206E70007968C9;
			productRefGroup = 045C35532A206E70007968C9 /* Products */;
			projectDirPath = "";
			projectRoot = "";
			targets = (
				045C35512A206E70007968C9 /* Done */,
			);
		};
/* End PBXProject section */

/* Begin PBXResourcesBuildPhase section */
		045C35502A206E70007968C9 /* Resources */ = {
			isa = PBXResourcesBuildPhase;
			buildActionMask = 2147483647;
			files = (
				045C35622A206E71007968C9 /* LaunchScreen.storyboard in Resources */,
				04400A992A2F11520028CECE /* TagUsersTableViewCell.xib in Resources */,
				045B4CE22A3B3AA90064CC77 /* AulbumCollectionViewCell.xib in Resources */,
				045C355F2A206E71007968C9 /* Assets.xcassets in Resources */,
				041F66F72A4C700E009C6AB4 /* ViewStatusTableViewCell.xib in Resources */,
				041345D62A27900800B6C553 /* ReelsTableViewCell.xib in Resources */,
				045C355D2A206E70007968C9 /* Main.storyboard in Resources */,
				04C1427B2A387CE9005D1391 /* CommentsTableViewCell.xib in Resources */,
				0441AE542A3CD5C4008119FB /* Color.xcassets in Resources */,
				1B7661842A4B2B4500F63D0A /* ImageCommentsTableViewCell.xib in Resources */,
			);
			runOnlyForDeploymentPostprocessing = 0;
		};
/* End PBXResourcesBuildPhase section */

/* Begin PBXShellScriptBuildPhase section */
		E7AD147A408FA464C791E9FE /* [CP] Check Pods Manifest.lock */ = {
			isa = PBXShellScriptBuildPhase;
			buildActionMask = 2147483647;
			files = (
			);
			inputFileListPaths = (
			);
			inputPaths = (
				"${PODS_PODFILE_DIR_PATH}/Podfile.lock",
				"${PODS_ROOT}/Manifest.lock",
			);
			name = "[CP] Check Pods Manifest.lock";
			outputFileListPaths = (
			);
			outputPaths = (
				"$(DERIVED_FILE_DIR)/Pods-Done-checkManifestLockResult.txt",
			);
			runOnlyForDeploymentPostprocessing = 0;
			shellPath = /bin/sh;
			shellScript = "diff \"${PODS_PODFILE_DIR_PATH}/Podfile.lock\" \"${PODS_ROOT}/Manifest.lock\" > /dev/null\nif [ $? != 0 ] ; then\n    # print error to STDERR\n    echo \"error: The sandbox is not in sync with the Podfile.lock. Run 'pod install' or update your CocoaPods installation.\" >&2\n    exit 1\nfi\n# This output is used by Xcode 'outputs' to avoid re-running this script phase.\necho \"SUCCESS\" > \"${SCRIPT_OUTPUT_FILE_0}\"\n";
			showEnvVarsInLog = 0;
		};
		FB99395A54D014DC4A43F30D /* [CP] Embed Pods Frameworks */ = {
			isa = PBXShellScriptBuildPhase;
			buildActionMask = 2147483647;
			files = (
			);
			inputFileListPaths = (
				"${PODS_ROOT}/Target Support Files/Pods-Done/Pods-Done-frameworks-${CONFIGURATION}-input-files.xcfilelist",
			);
			name = "[CP] Embed Pods Frameworks";
			outputFileListPaths = (
				"${PODS_ROOT}/Target Support Files/Pods-Done/Pods-Done-frameworks-${CONFIGURATION}-output-files.xcfilelist",
			);
			runOnlyForDeploymentPostprocessing = 0;
			shellPath = /bin/sh;
			shellScript = "\"${PODS_ROOT}/Target Support Files/Pods-Done/Pods-Done-frameworks.sh\"\n";
			showEnvVarsInLog = 0;
		};
/* End PBXShellScriptBuildPhase section */

/* Begin PBXSourcesBuildPhase section */
		045C354E2A206E70007968C9 /* Sources */ = {
			isa = PBXSourcesBuildPhase;
			buildActionMask = 2147483647;
			files = (
				045B4CE12A3B3AA90064CC77 /* AulbumCollectionViewCell.swift in Sources */,
				0497D0F82A33029800B4A185 /* ViewStatusViewController.swift in Sources */,
				0498F05F2A37583E0043B27E /* AWSS3Manager.swift in Sources */,
				041345D22A2766A900B6C553 /* API's.swift in Sources */,
				04C1427D2A387F7A005D1391 /* CommentsResponseModel.swift in Sources */,
				1B7661832A4B2B4500F63D0A /* ImageCommentsTableViewCell.swift in Sources */,
				045C35712A206EEC007968C9 /* LoginModel.swift in Sources */,
				1BFECB0D2A4C42D900823B86 /* CommentsVM.swift in Sources */,
				04400A9D2A3098740028CECE /* Extra.swift in Sources */,
				1B09587F2A4AB454006A1F67 /* MimeType.swift in Sources */,
				04C1427A2A387CE9005D1391 /* CommentsTableViewCell.swift in Sources */,
				0457B4032A3E164700D6581F /* ThumbnailImage.swift in Sources */,
				04C142772A387A57005D1391 /* CommentsViewController.swift in Sources */,
				0497D0FA2A330DAC00B4A185 /* ViewStatusModel.swift in Sources */,
				045C35562A206E70007968C9 /* AppDelegate.swift in Sources */,
				0497D0FF2A3327C700B4A185 /* PlayerView.swift in Sources */,
				045C35722A206EEC007968C9 /* LoginViewController.swift in Sources */,
				045C35702A206EEC007968C9 /* ServiceController.swift in Sources */,
				048EB3A62A2A01D8004BE939 /* AWSS3.swift in Sources */,
				045C356E2A206EEC007968C9 /* Utilities.swift in Sources */,
				049764252A28D52700D577D0 /* VideoViewController.swift in Sources */,
				041345CF2A27661D00B6C553 /* GetReelsResponseModel.swift in Sources */,
				041345D52A27900800B6C553 /* ReelsTableViewCell.swift in Sources */,
				049B8CE32A2DE516005926D4 /* PostVideoModel.swift in Sources */,
				048EB3A42A29B7A0004BE939 /* PostVideoViewController.swift in Sources */,
				04400A9F2A30B1150028CECE /* SplashScreenViewController.swift in Sources */,
				041F66F82A4C700E009C6AB4 /* ViewStatusTableViewCell.swift in Sources */,
				04400A952A2F0C890028CECE /* TagsResponseModel.swift in Sources */,
				1B7661802A4B259600F63D0A /* ImageAndVideoCommentViewController.swift in Sources */,
				041345CD2A27565300B6C553 /* CustomViewController.swift in Sources */,
				1B6F459D2A4DADE10086A429 /* ImageviewPreviewViewController.swift in Sources */,
				041F66FA2A4C723F009C6AB4 /* UpdateDoneModel.swift in Sources */,
				0497D0F22A31FEC300B4A185 /* ProfileModel.swift in Sources */,
				04D3C2CE2A333E5900A5D460 /* ProfileViewController.swift in Sources */,
				045C35742A2087E2007968C9 /* HomeViewController.swift in Sources */,
				045C35582A206E70007968C9 /* SceneDelegate.swift in Sources */,
				04A8D47F2A3468CB00BC2628 /* TagsUsersViewController.swift in Sources */,
				045B4CDC2A3B34F30064CC77 /* CommissionResponseModel.swift in Sources */,
				04797C782A4970C100F2F7CE /* Navigations.swift in Sources */,
				04400A982A2F11520028CECE /* TagUsersTableViewCell.swift in Sources */,
			);
			runOnlyForDeploymentPostprocessing = 0;
		};
/* End PBXSourcesBuildPhase section */

/* Begin PBXVariantGroup section */
		045C355B2A206E70007968C9 /* Main.storyboard */ = {
			isa = PBXVariantGroup;
			children = (
				045C355C2A206E70007968C9 /* Base */,
			);
			name = Main.storyboard;
			sourceTree = "<group>";
		};
		045C35602A206E71007968C9 /* LaunchScreen.storyboard */ = {
			isa = PBXVariantGroup;
			children = (
				045C35612A206E71007968C9 /* Base */,
			);
			name = LaunchScreen.storyboard;
			sourceTree = "<group>";
		};
/* End PBXVariantGroup section */

/* Begin XCBuildConfiguration section */
		045C35642A206E71007968C9 /* Debug */ = {
			isa = XCBuildConfiguration;
			buildSettings = {
				ALWAYS_SEARCH_USER_PATHS = NO;
				CLANG_ANALYZER_NONNULL = YES;
				CLANG_ANALYZER_NUMBER_OBJECT_CONVERSION = YES_AGGRESSIVE;
				CLANG_CXX_LANGUAGE_STANDARD = "gnu++20";
				CLANG_ENABLE_MODULES = YES;
				CLANG_ENABLE_OBJC_ARC = YES;
				CLANG_ENABLE_OBJC_WEAK = YES;
				CLANG_WARN_BLOCK_CAPTURE_AUTORELEASING = YES;
				CLANG_WARN_BOOL_CONVERSION = YES;
				CLANG_WARN_COMMA = YES;
				CLANG_WARN_CONSTANT_CONVERSION = YES;
				CLANG_WARN_DEPRECATED_OBJC_IMPLEMENTATIONS = YES;
				CLANG_WARN_DIRECT_OBJC_ISA_USAGE = YES_ERROR;
				CLANG_WARN_DOCUMENTATION_COMMENTS = YES;
				CLANG_WARN_EMPTY_BODY = YES;
				CLANG_WARN_ENUM_CONVERSION = YES;
				CLANG_WARN_INFINITE_RECURSION = YES;
				CLANG_WARN_INT_CONVERSION = YES;
				CLANG_WARN_NON_LITERAL_NULL_CONVERSION = YES;
				CLANG_WARN_OBJC_IMPLICIT_RETAIN_SELF = YES;
				CLANG_WARN_OBJC_LITERAL_CONVERSION = YES;
				CLANG_WARN_OBJC_ROOT_CLASS = YES_ERROR;
				CLANG_WARN_QUOTED_INCLUDE_IN_FRAMEWORK_HEADER = YES;
				CLANG_WARN_RANGE_LOOP_ANALYSIS = YES;
				CLANG_WARN_STRICT_PROTOTYPES = YES;
				CLANG_WARN_SUSPICIOUS_MOVE = YES;
				CLANG_WARN_UNGUARDED_AVAILABILITY = YES_AGGRESSIVE;
				CLANG_WARN_UNREACHABLE_CODE = YES;
				CLANG_WARN__DUPLICATE_METHOD_MATCH = YES;
				COPY_PHASE_STRIP = NO;
				DEBUG_INFORMATION_FORMAT = dwarf;
				ENABLE_STRICT_OBJC_MSGSEND = YES;
				ENABLE_TESTABILITY = YES;
				GCC_C_LANGUAGE_STANDARD = gnu11;
				GCC_DYNAMIC_NO_PIC = NO;
				GCC_NO_COMMON_BLOCKS = YES;
				GCC_OPTIMIZATION_LEVEL = 0;
				GCC_PREPROCESSOR_DEFINITIONS = (
					"DEBUG=1",
					"$(inherited)",
				);
				GCC_WARN_64_TO_32_BIT_CONVERSION = YES;
				GCC_WARN_ABOUT_RETURN_TYPE = YES_ERROR;
				GCC_WARN_UNDECLARED_SELECTOR = YES;
				GCC_WARN_UNINITIALIZED_AUTOS = YES_AGGRESSIVE;
				GCC_WARN_UNUSED_FUNCTION = YES;
				GCC_WARN_UNUSED_VARIABLE = YES;
				IPHONEOS_DEPLOYMENT_TARGET = 13.0;
				MTL_ENABLE_DEBUG_INFO = INCLUDE_SOURCE;
				MTL_FAST_MATH = YES;
				ONLY_ACTIVE_ARCH = YES;
				SDKROOT = iphoneos;
				SWIFT_ACTIVE_COMPILATION_CONDITIONS = DEBUG;
				SWIFT_OPTIMIZATION_LEVEL = "-Onone";
			};
			name = Debug;
		};
		045C35652A206E71007968C9 /* Release */ = {
			isa = XCBuildConfiguration;
			buildSettings = {
				ALWAYS_SEARCH_USER_PATHS = NO;
				CLANG_ANALYZER_NONNULL = YES;
				CLANG_ANALYZER_NUMBER_OBJECT_CONVERSION = YES_AGGRESSIVE;
				CLANG_CXX_LANGUAGE_STANDARD = "gnu++20";
				CLANG_ENABLE_MODULES = YES;
				CLANG_ENABLE_OBJC_ARC = YES;
				CLANG_ENABLE_OBJC_WEAK = YES;
				CLANG_WARN_BLOCK_CAPTURE_AUTORELEASING = YES;
				CLANG_WARN_BOOL_CONVERSION = YES;
				CLANG_WARN_COMMA = YES;
				CLANG_WARN_CONSTANT_CONVERSION = YES;
				CLANG_WARN_DEPRECATED_OBJC_IMPLEMENTATIONS = YES;
				CLANG_WARN_DIRECT_OBJC_ISA_USAGE = YES_ERROR;
				CLANG_WARN_DOCUMENTATION_COMMENTS = YES;
				CLANG_WARN_EMPTY_BODY = YES;
				CLANG_WARN_ENUM_CONVERSION = YES;
				CLANG_WARN_INFINITE_RECURSION = YES;
				CLANG_WARN_INT_CONVERSION = YES;
				CLANG_WARN_NON_LITERAL_NULL_CONVERSION = YES;
				CLANG_WARN_OBJC_IMPLICIT_RETAIN_SELF = YES;
				CLANG_WARN_OBJC_LITERAL_CONVERSION = YES;
				CLANG_WARN_OBJC_ROOT_CLASS = YES_ERROR;
				CLANG_WARN_QUOTED_INCLUDE_IN_FRAMEWORK_HEADER = YES;
				CLANG_WARN_RANGE_LOOP_ANALYSIS = YES;
				CLANG_WARN_STRICT_PROTOTYPES = YES;
				CLANG_WARN_SUSPICIOUS_MOVE = YES;
				CLANG_WARN_UNGUARDED_AVAILABILITY = YES_AGGRESSIVE;
				CLANG_WARN_UNREACHABLE_CODE = YES;
				CLANG_WARN__DUPLICATE_METHOD_MATCH = YES;
				COPY_PHASE_STRIP = NO;
				DEBUG_INFORMATION_FORMAT = "dwarf-with-dsym";
				ENABLE_NS_ASSERTIONS = NO;
				ENABLE_STRICT_OBJC_MSGSEND = YES;
				GCC_C_LANGUAGE_STANDARD = gnu11;
				GCC_NO_COMMON_BLOCKS = YES;
				GCC_WARN_64_TO_32_BIT_CONVERSION = YES;
				GCC_WARN_ABOUT_RETURN_TYPE = YES_ERROR;
				GCC_WARN_UNDECLARED_SELECTOR = YES;
				GCC_WARN_UNINITIALIZED_AUTOS = YES_AGGRESSIVE;
				GCC_WARN_UNUSED_FUNCTION = YES;
				GCC_WARN_UNUSED_VARIABLE = YES;
				IPHONEOS_DEPLOYMENT_TARGET = 13.0;
				MTL_ENABLE_DEBUG_INFO = NO;
				MTL_FAST_MATH = YES;
				SDKROOT = iphoneos;
				SWIFT_COMPILATION_MODE = wholemodule;
				SWIFT_OPTIMIZATION_LEVEL = "-O";
				VALIDATE_PRODUCT = YES;
			};
			name = Release;
		};
		045C35672A206E71007968C9 /* Debug */ = {
			isa = XCBuildConfiguration;
			baseConfigurationReference = 111463C9159DDB314BDB9F72 /* Pods-Done.debug.xcconfig */;
			buildSettings = {
				ASSETCATALOG_COMPILER_APPICON_NAME = AppIcon;
				ASSETCATALOG_COMPILER_GLOBAL_ACCENT_COLOR_NAME = AccentColor;
				CODE_SIGN_IDENTITY = "Apple Development";
				CODE_SIGN_STYLE = Automatic;
				CURRENT_PROJECT_VERSION = 1;
				DEVELOPMENT_TEAM = 3HG54YWY75;
				GENERATE_INFOPLIST_FILE = YES;
				INFOPLIST_FILE = Done/Info.plist;
				INFOPLIST_KEY_NSCameraUsageDescription = "This app needs camera permission";
				INFOPLIST_KEY_NSMicrophoneUsageDescription = "This app needs Microphone permission";
				INFOPLIST_KEY_NSPhotoLibraryAddUsageDescription = "This app needs camera permission";
				INFOPLIST_KEY_NSPhotoLibraryUsageDescription = "This app needs Videos permission";
				INFOPLIST_KEY_UIApplicationSupportsIndirectInputEvents = YES;
				INFOPLIST_KEY_UILaunchStoryboardName = LaunchScreen;
				INFOPLIST_KEY_UIMainStoryboardFile = Main;
				INFOPLIST_KEY_UISupportedInterfaceOrientations = UIInterfaceOrientationPortrait;
				INFOPLIST_KEY_UISupportedInterfaceOrientations_iPad = "UIInterfaceOrientationLandscapeLeft UIInterfaceOrientationLandscapeRight UIInterfaceOrientationPortrait UIInterfaceOrientationPortraitUpsideDown";
				INFOPLIST_KEY_UIUserInterfaceStyle = Light;
				IPHONEOS_DEPLOYMENT_TARGET = 13.0;
				LD_RUNPATH_SEARCH_PATHS = (
					"$(inherited)",
					"@executable_path/Frameworks",
				);
				MARKETING_VERSION = 1.0;
				PRODUCT_BUNDLE_IDENTIFIER = com.web.Done;
				PRODUCT_NAME = "$(TARGET_NAME)";
				PROVISIONING_PROFILE_SPECIFIER = "";
				SUPPORTED_PLATFORMS = "iphoneos iphonesimulator";
				SUPPORTS_MACCATALYST = NO;
				SUPPORTS_MAC_DESIGNED_FOR_IPHONE_IPAD = NO;
				SWIFT_EMIT_LOC_STRINGS = YES;
				SWIFT_VERSION = 5.0;
				TARGETED_DEVICE_FAMILY = 1;
			};
			name = Debug;
		};
		045C35682A206E71007968C9 /* Release */ = {
			isa = XCBuildConfiguration;
			baseConfigurationReference = 8E2DD0B327BFD46A42DEEAF3 /* Pods-Done.release.xcconfig */;
			buildSettings = {
				ASSETCATALOG_COMPILER_APPICON_NAME = AppIcon;
				ASSETCATALOG_COMPILER_GLOBAL_ACCENT_COLOR_NAME = AccentColor;
				CODE_SIGN_IDENTITY = "Apple Development";
				CODE_SIGN_STYLE = Automatic;
				CURRENT_PROJECT_VERSION = 1;
				DEVELOPMENT_TEAM = 3HG54YWY75;
				GENERATE_INFOPLIST_FILE = YES;
				INFOPLIST_FILE = Done/Info.plist;
				INFOPLIST_KEY_NSCameraUsageDescription = "This app needs camera permission";
				INFOPLIST_KEY_NSMicrophoneUsageDescription = "This app needs Microphone permission";
				INFOPLIST_KEY_NSPhotoLibraryAddUsageDescription = "This app needs camera permission";
				INFOPLIST_KEY_NSPhotoLibraryUsageDescription = "This app needs Videos permission";
				INFOPLIST_KEY_UIApplicationSupportsIndirectInputEvents = YES;
				INFOPLIST_KEY_UILaunchStoryboardName = LaunchScreen;
				INFOPLIST_KEY_UIMainStoryboardFile = Main;
				INFOPLIST_KEY_UISupportedInterfaceOrientations = UIInterfaceOrientationPortrait;
				INFOPLIST_KEY_UISupportedInterfaceOrientations_iPad = "UIInterfaceOrientationLandscapeLeft UIInterfaceOrientationLandscapeRight UIInterfaceOrientationPortrait UIInterfaceOrientationPortraitUpsideDown";
				INFOPLIST_KEY_UIUserInterfaceStyle = Light;
				IPHONEOS_DEPLOYMENT_TARGET = 13.0;
				LD_RUNPATH_SEARCH_PATHS = (
					"$(inherited)",
					"@executable_path/Frameworks",
				);
				MARKETING_VERSION = 1.0;
				PRODUCT_BUNDLE_IDENTIFIER = com.web.Done;
				PRODUCT_NAME = "$(TARGET_NAME)";
				PROVISIONING_PROFILE_SPECIFIER = "";
				SUPPORTED_PLATFORMS = "iphoneos iphonesimulator";
				SUPPORTS_MACCATALYST = NO;
				SUPPORTS_MAC_DESIGNED_FOR_IPHONE_IPAD = NO;
				SWIFT_EMIT_LOC_STRINGS = YES;
				SWIFT_VERSION = 5.0;
				TARGETED_DEVICE_FAMILY = 1;
			};
			name = Release;
		};
/* End XCBuildConfiguration section */

/* Begin XCConfigurationList section */
		045C354D2A206E70007968C9 /* Build configuration list for PBXProject "Done" */ = {
			isa = XCConfigurationList;
			buildConfigurations = (
				045C35642A206E71007968C9 /* Debug */,
				045C35652A206E71007968C9 /* Release */,
			);
			defaultConfigurationIsVisible = 0;
			defaultConfigurationName = Release;
		};
		045C35662A206E71007968C9 /* Build configuration list for PBXNativeTarget "Done" */ = {
			isa = XCConfigurationList;
			buildConfigurations = (
				045C35672A206E71007968C9 /* Debug */,
				045C35682A206E71007968C9 /* Release */,
			);
			defaultConfigurationIsVisible = 0;
			defaultConfigurationName = Release;
		};
/* End XCConfigurationList section */
	};
	rootObject = 045C354A2A206E70007968C9 /* Project object */;
}
