PODS:
  - AlignedCollectionViewFlowLayout (1.1.2)
  - AWSAuthCore (2.33.0):
    - AWSCore (= 2.33.0)
  - AWSCognitoIdentityProvider (2.33.0):
    - AWSCognitoIdentityProviderASF (= 2.33.0)
    - AWSCore (= 2.33.0)
  - AWSCognitoIdentityProviderASF (2.33.0):
    - AWSCore (= 2.33.0)
  - AWSCore (2.33.0)
  - AWSS3 (2.33.0):
    - AWSCore (= 2.33.0)
  - AWSUserPoolsSignIn (2.33.0):
    - AWSAuthCore (= 2.33.0)
    - AWSCognitoIdentityProvider (= 2.33.0)
    - AWSCore (= 2.33.0)
  - DropDown (2.3.13)
  - HMSegmentedControl (1.5.6)
  - iOSDropDown (0.4.0)
  - IQKeyboardManagerSwift (6.5.11)
  - Kingfisher (7.6.2)
  - KRActivityIndicatorView (3.0.7)
  - KRProgressHUD (3.4.7):
    - KRActivityIndicatorView (= 3.0.7)
  - MaterialComponents/Palettes (124.2.0)
  - MaterialComponents/private/Math (124.2.0)
  - MaterialComponents/ProgressView (124.2.0):
    - MaterialComponents/Palettes
    - MaterialComponents/private/Math
    - MDFInternationalization
  - MDFInternationalization (3.0.0)
  - MGStarRatingView (1.0.0)
  - SDWebImage (5.15.4):
    - SDWebImage/Core (= 5.15.4)
  - SDWebImage/Core (5.15.4)
  - SwiftyCam (4.0.0)

DEPENDENCIES:
  - AlignedCollectionViewFlowLayout
  - AWSS3
  - AWSUserPoolsSignIn
  - DropDown
  - HMSegmentedControl
  - iOSDropDown
  - IQKeyboardManagerSwift
  - Kingfisher
  - KRProgressHUD
  - MaterialComponents/ProgressView
  - MGStarRatingView
  - SDWebImage
  - SwiftyCam

SPEC REPOS:
  trunk:
    - AlignedCollectionViewFlowLayout
    - AWSAuthCore
    - AWSCognitoIdentityProvider
    - AWSCognitoIdentityProviderASF
    - AWSCore
    - AWSS3
    - AWSUserPoolsSignIn
    - DropDown
    - HMSegmentedControl
    - iOSDropDown
    - IQKeyboardManagerSwift
    - Kingfisher
    - KRActivityIndicatorView
    - KRProgressHUD
    - MaterialComponents
    - MDFInternationalization
    - MGStarRatingView
    - SDWebImage
    - SwiftyCam

SPEC CHECKSUMS:
  AlignedCollectionViewFlowLayout: ee2ef451e741ec08f8e0967d828001e2f051c20a
  AWSAuthCore: 544324f7c595cba78440027039c4429e6ce588fa
  AWSCognitoIdentityProvider: f7364fdae1109e6f326c19e98f5ed5b5d413d929
  AWSCognitoIdentityProviderASF: 2023303dc28588dfe95a4152e588bcea5e1f57ec
  AWSCore: ff962198e35c750cb1d59cd459c51f1990e3ec68
  AWSS3: 910b5a6ec6c6b749f6a0657483118cae54f83a11
  AWSUserPoolsSignIn: 466cd07b16c9718343a2da7f03d42f571056a581
  DropDown: 8a2116376c1981888557f72ec2ffc9a5e0e456ec
  HMSegmentedControl: 34c1f54d822d8308e7b24f5d901ec674dfa31352
  iOSDropDown: ce9daa584eaa5567cafc1b633e3cc7eb6d9cea42
  IQKeyboardManagerSwift: c7955c0bdbf7b2eb29bb7daaa44e3d90f55a9a85
  Kingfisher: 6c5449c6450c5239166510ba04afe374a98afc4f
  KRActivityIndicatorView: ad69e89c4ce40c986cf580595be4829dcad0e35a
  KRProgressHUD: a248f0bc6c9c2aed40a37b76e03ffecc7f85c887
  MaterialComponents: 1a9b2d9d45b1601ae544de85089adc4c464306d4
  MDFInternationalization: d697c55307816222a55685c4ccb1044ffb030c12
  MGStarRatingView: 78c9bfc20d6b6f2a4d6b69e7821043685ad1372a
  SDWebImage: 1c39de67663e5eebb2f41324d5d580eeea12dd4c
  SwiftyCam: 6e57914771d972fbe508e759dc9d0150a44a93fd

PODFILE CHECKSUM: 07c1795f246ca708342eb56452fc17ee7caa2b9a

COCOAPODS: 1.11.2
